// !$*UTF8*$!
{
	archiveVersion = 1;
	classes = {
	};
	objectVersion = 50;
	objects = {

/* Begin PBXBuildFile section */
		640CC309233D98690042BE77 /* SettingsTableViewController.swift in Sources */ = {isa = PBXBuildFile; fileRef = 640CC308233D98690042BE77 /* SettingsTableViewController.swift */; };
		648B2BF9233DAC4D009265B1 /* QRViewController.swift in Sources */ = {isa = PBXBuildFile; fileRef = 648B2BF8233DAC4D009265B1 /* QRViewController.swift */; };
		64CE01B923368FEE00988039 /* AppDelegate.swift in Sources */ = {isa = PBXBuildFile; fileRef = 64CE01B823368FEE00988039 /* AppDelegate.swift */; };
		64CE01BB23368FEE00988039 /* SceneDelegate.swift in Sources */ = {isa = PBXBuildFile; fileRef = 64CE01BA23368FEE00988039 /* SceneDelegate.swift */; };
		64CE01BF23368FEE00988039 /* SecondViewController.swift in Sources */ = {isa = PBXBuildFile; fileRef = 64CE01BE23368FEE00988039 /* SecondViewController.swift */; };
		64CE01C223368FEE00988039 /* Main.storyboard in Resources */ = {isa = PBXBuildFile; fileRef = 64CE01C023368FEE00988039 /* Main.storyboard */; };
		64CE01C423368FEF00988039 /* Assets.xcassets in Resources */ = {isa = PBXBuildFile; fileRef = 64CE01C323368FEF00988039 /* Assets.xcassets */; };
		64CE01C723368FEF00988039 /* LaunchScreen.storyboard in Resources */ = {isa = PBXBuildFile; fileRef = 64CE01C523368FEF00988039 /* LaunchScreen.storyboard */; };
		64F0B1CB233C699A0025FE76 /* SubjectOptionsViewController.swift in Sources */ = {isa = PBXBuildFile; fileRef = 64F0B1CA233C699A0025FE76 /* SubjectOptionsViewController.swift */; };
		A40F076F233B365200CEACDF /* SubjectController.swift in Sources */ = {isa = PBXBuildFile; fileRef = A40F076E233B365200CEACDF /* SubjectController.swift */; };
		A40F0771233B374600CEACDF /* SubjectDetailsController.swift in Sources */ = {isa = PBXBuildFile; fileRef = A40F0770233B374600CEACDF /* SubjectDetailsController.swift */; };
		CD32FCFE236CA238008B9126 /* GoogleService-Info.plist in Resources */ = {isa = PBXBuildFile; fileRef = CD32FCFD236CA238008B9126 /* GoogleService-Info.plist */; };
		DBA5C7EF233D9E940023F004 /* LoginViewController.swift in Sources */ = {isa = PBXBuildFile; fileRef = DBA5C7EE233D9E940023F004 /* LoginViewController.swift */; };
		E8CB56C1233DBBB80067D266 /* LastUpdateViewController.swift in Sources */ = {isa = PBXBuildFile; fileRef = E8CB56C0233DBBB80067D266 /* LastUpdateViewController.swift */; };
		F41DBAF2B669F9F4D3CC5F1A /* Pods_bigMother_iOS.framework in Frameworks */ = {isa = PBXBuildFile; fileRef = 5EAC1C38B72E01C8BAACCD0F /* Pods_bigMother_iOS.framework */; };
/* End PBXBuildFile section */

/* Begin PBXFileReference section */
		5EAC1C38B72E01C8BAACCD0F /* Pods_bigMother_iOS.framework */ = {isa = PBXFileReference; explicitFileType = wrapper.framework; includeInIndex = 0; path = Pods_bigMother_iOS.framework; sourceTree = BUILT_PRODUCTS_DIR; };
		640CC308233D98690042BE77 /* SettingsTableViewController.swift */ = {isa = PBXFileReference; fileEncoding = 4; lastKnownFileType = sourcecode.swift; path = SettingsTableViewController.swift; sourceTree = "<group>"; };
		648B2BF8233DAC4D009265B1 /* QRViewController.swift */ = {isa = PBXFileReference; lastKnownFileType = sourcecode.swift; path = QRViewController.swift; sourceTree = "<group>"; };
		64CE01B523368FEE00988039 /* bigMother.app */ = {isa = PBXFileReference; explicitFileType = wrapper.application; includeInIndex = 0; path = bigMother.app; sourceTree = BUILT_PRODUCTS_DIR; };
		64CE01B823368FEE00988039 /* AppDelegate.swift */ = {isa = PBXFileReference; lastKnownFileType = sourcecode.swift; path = AppDelegate.swift; sourceTree = "<group>"; };
		64CE01BA23368FEE00988039 /* SceneDelegate.swift */ = {isa = PBXFileReference; lastKnownFileType = sourcecode.swift; path = SceneDelegate.swift; sourceTree = "<group>"; };
		64CE01BE23368FEE00988039 /* SecondViewController.swift */ = {isa = PBXFileReference; lastKnownFileType = sourcecode.swift; path = SecondViewController.swift; sourceTree = "<group>"; };
		64CE01C123368FEE00988039 /* Base */ = {isa = PBXFileReference; lastKnownFileType = file.storyboard; name = Base; path = Base.lproj/Main.storyboard; sourceTree = "<group>"; };
		64CE01C323368FEF00988039 /* Assets.xcassets */ = {isa = PBXFileReference; lastKnownFileType = folder.assetcatalog; path = Assets.xcassets; sourceTree = "<group>"; };
		64CE01C623368FEF00988039 /* Base */ = {isa = PBXFileReference; lastKnownFileType = file.storyboard; name = Base; path = Base.lproj/LaunchScreen.storyboard; sourceTree = "<group>"; };
		64CE01C823368FEF00988039 /* Info.plist */ = {isa = PBXFileReference; lastKnownFileType = text.plist.xml; path = Info.plist; sourceTree = "<group>"; };
		64F0B1CA233C699A0025FE76 /* SubjectOptionsViewController.swift */ = {isa = PBXFileReference; lastKnownFileType = sourcecode.swift; path = SubjectOptionsViewController.swift; sourceTree = "<group>"; };
		A24A0D97236C9F08000BFE40 /* bigMother.entitlements */ = {isa = PBXFileReference; lastKnownFileType = text.plist.entitlements; path = bigMother.entitlements; sourceTree = "<group>"; };
		A40F076E233B365200CEACDF /* SubjectController.swift */ = {isa = PBXFileReference; lastKnownFileType = sourcecode.swift; path = SubjectController.swift; sourceTree = "<group>"; };
		A40F0770233B374600CEACDF /* SubjectDetailsController.swift */ = {isa = PBXFileReference; lastKnownFileType = sourcecode.swift; path = SubjectDetailsController.swift; sourceTree = "<group>"; };
		B79E8CC804D274819BE04DF4 /* Pods-bigMother_iOS.release.xcconfig */ = {isa = PBXFileReference; includeInIndex = 1; lastKnownFileType = text.xcconfig; name = "Pods-bigMother_iOS.release.xcconfig"; path = "Target Support Files/Pods-bigMother_iOS/Pods-bigMother_iOS.release.xcconfig"; sourceTree = "<group>"; };
		CD32FCFD236CA238008B9126 /* GoogleService-Info.plist */ = {isa = PBXFileReference; fileEncoding = 4; lastKnownFileType = text.plist.xml; path = "GoogleService-Info.plist"; sourceTree = "<group>"; };
		CEFF1F9D29EF64627AFAAEAA /* Pods-bigMother_iOS.debug.xcconfig */ = {isa = PBXFileReference; includeInIndex = 1; lastKnownFileType = text.xcconfig; name = "Pods-bigMother_iOS.debug.xcconfig"; path = "Target Support Files/Pods-bigMother_iOS/Pods-bigMother_iOS.debug.xcconfig"; sourceTree = "<group>"; };
		DBA5C7EE233D9E940023F004 /* LoginViewController.swift */ = {isa = PBXFileReference; lastKnownFileType = sourcecode.swift; path = LoginViewController.swift; sourceTree = "<group>"; };
		E8CB56C0233DBBB80067D266 /* LastUpdateViewController.swift */ = {isa = PBXFileReference; lastKnownFileType = sourcecode.swift; path = LastUpdateViewController.swift; sourceTree = "<group>"; };
/* End PBXFileReference section */

/* Begin PBXFrameworksBuildPhase section */
		64CE01B223368FEE00988039 /* Frameworks */ = {
			isa = PBXFrameworksBuildPhase;
			buildActionMask = 2147483647;
			files = (
				F41DBAF2B669F9F4D3CC5F1A /* Pods_bigMother_iOS.framework in Frameworks */,
			);
			runOnlyForDeploymentPostprocessing = 0;
		};
/* End PBXFrameworksBuildPhase section */

/* Begin PBXGroup section */
		64CE01AC23368FEE00988039 = {
			isa = PBXGroup;
			children = (
				64CE01B723368FEE00988039 /* bigMother_iOS */,
				64CE01B623368FEE00988039 /* Products */,
				87FE1023B198B6F5D8E13D03 /* Pods */,
				7DEE07BFBF83612496E67027 /* Frameworks */,
			);
			sourceTree = "<group>";
		};
		64CE01B623368FEE00988039 /* Products */ = {
			isa = PBXGroup;
			children = (
				64CE01B523368FEE00988039 /* bigMother.app */,
			);
			name = Products;
			sourceTree = "<group>";
		};
		64CE01B723368FEE00988039 /* bigMother_iOS */ = {
			isa = PBXGroup;
			children = (
				A24A0D97236C9F08000BFE40 /* bigMother.entitlements */,
				64CE01B823368FEE00988039 /* AppDelegate.swift */,
				64CE01BA23368FEE00988039 /* SceneDelegate.swift */,
				64CE01BE23368FEE00988039 /* SecondViewController.swift */,
				64CE01C023368FEE00988039 /* Main.storyboard */,
				A40F076E233B365200CEACDF /* SubjectController.swift */,
				A40F0770233B374600CEACDF /* SubjectDetailsController.swift */,
				64CE01C323368FEF00988039 /* Assets.xcassets */,
				64CE01C523368FEF00988039 /* LaunchScreen.storyboard */,
				64CE01C823368FEF00988039 /* Info.plist */,
				64F0B1CA233C699A0025FE76 /* SubjectOptionsViewController.swift */,
				640CC308233D98690042BE77 /* SettingsTableViewController.swift */,
				DBA5C7EE233D9E940023F004 /* LoginViewController.swift */,
				648B2BF8233DAC4D009265B1 /* QRViewController.swift */,
				E8CB56C0233DBBB80067D266 /* LastUpdateViewController.swift */,
				CD32FCFD236CA238008B9126 /* GoogleService-Info.plist */,
			);
			path = bigMother_iOS;
			sourceTree = "<group>";
		};
		7DEE07BFBF83612496E67027 /* Frameworks */ = {
			isa = PBXGroup;
			children = (
				5EAC1C38B72E01C8BAACCD0F /* Pods_bigMother_iOS.framework */,
			);
			name = Frameworks;
			sourceTree = "<group>";
		};
		87FE1023B198B6F5D8E13D03 /* Pods */ = {
			isa = PBXGroup;
			children = (
				CEFF1F9D29EF64627AFAAEAA /* Pods-bigMother_iOS.debug.xcconfig */,
				B79E8CC804D274819BE04DF4 /* Pods-bigMother_iOS.release.xcconfig */,
			);
			name = Pods;
			path = Pods;
			sourceTree = "<group>";
		};
/* End PBXGroup section */

/* Begin PBXNativeTarget section */
		64CE01B423368FEE00988039 /* bigMother_iOS */ = {
			isa = PBXNativeTarget;
			buildConfigurationList = 64CE01CB23368FEF00988039 /* Build configuration list for PBXNativeTarget "bigMother_iOS" */;
			buildPhases = (
				A982631DCC088C6D19F8B1F2 /* [CP] Check Pods Manifest.lock */,
				64CE01B123368FEE00988039 /* Sources */,
				64CE01B223368FEE00988039 /* Frameworks */,
				64CE01B323368FEE00988039 /* Resources */,
				400DA1054B596A40F3B3E5D4 /* [CP] Embed Pods Frameworks */,
			);
			buildRules = (
			);
			dependencies = (
			);
			name = bigMother_iOS;
			productName = bigMother_iOS;
			productReference = 64CE01B523368FEE00988039 /* bigMother.app */;
			productType = "com.apple.product-type.application";
		};
/* End PBXNativeTarget section */

/* Begin PBXProject section */
		64CE01AD23368FEE00988039 /* Project object */ = {
			isa = PBXProject;
			attributes = {
				LastSwiftUpdateCheck = 1100;
				LastUpgradeCheck = 1100;
				ORGANIZATIONNAME = "Curtis Bellamy";
				TargetAttributes = {
					64CE01B423368FEE00988039 = {
						CreatedOnToolsVersion = 11.0;
					};
				};
			};
			buildConfigurationList = 64CE01B023368FEE00988039 /* Build configuration list for PBXProject "bigMother_iOS" */;
			compatibilityVersion = "Xcode 9.3";
			developmentRegion = en;
			hasScannedForEncodings = 0;
			knownRegions = (
				en,
				Base,
			);
			mainGroup = 64CE01AC23368FEE00988039;
			productRefGroup = 64CE01B623368FEE00988039 /* Products */;
			projectDirPath = "";
			projectRoot = "";
			targets = (
				64CE01B423368FEE00988039 /* bigMother_iOS */,
			);
		};
/* End PBXProject section */

/* Begin PBXResourcesBuildPhase section */
		64CE01B323368FEE00988039 /* Resources */ = {
			isa = PBXResourcesBuildPhase;
			buildActionMask = 2147483647;
			files = (
				64CE01C723368FEF00988039 /* LaunchScreen.storyboard in Resources */,
				CD32FCFE236CA238008B9126 /* GoogleService-Info.plist in Resources */,
				64CE01C423368FEF00988039 /* Assets.xcassets in Resources */,
				64CE01C223368FEE00988039 /* Main.storyboard in Resources */,
			);
			runOnlyForDeploymentPostprocessing = 0;
		};
/* End PBXResourcesBuildPhase section */

/* Begin PBXShellScriptBuildPhase section */
		400DA1054B596A40F3B3E5D4 /* [CP] Embed Pods Frameworks */ = {
			isa = PBXShellScriptBuildPhase;
			buildActionMask = 2147483647;
			files = (
			);
			inputFileListPaths = (
				"${PODS_ROOT}/Target Support Files/Pods-bigMother_iOS/Pods-bigMother_iOS-frameworks-${CONFIGURATION}-input-files.xcfilelist",
			);
			name = "[CP] Embed Pods Frameworks";
			outputFileListPaths = (
				"${PODS_ROOT}/Target Support Files/Pods-bigMother_iOS/Pods-bigMother_iOS-frameworks-${CONFIGURATION}-output-files.xcfilelist",
			);
			runOnlyForDeploymentPostprocessing = 0;
			shellPath = /bin/sh;
			shellScript = "\"${PODS_ROOT}/Target Support Files/Pods-bigMother_iOS/Pods-bigMother_iOS-frameworks.sh\"\n";
			showEnvVarsInLog = 0;
		};
		A982631DCC088C6D19F8B1F2 /* [CP] Check Pods Manifest.lock */ = {
			isa = PBXShellScriptBuildPhase;
			buildActionMask = 2147483647;
			files = (
			);
			inputFileListPaths = (
			);
			inputPaths = (
				"${PODS_PODFILE_DIR_PATH}/Podfile.lock",
				"${PODS_ROOT}/Manifest.lock",
			);
			name = "[CP] Check Pods Manifest.lock";
			outputFileListPaths = (
			);
			outputPaths = (
				"$(DERIVED_FILE_DIR)/Pods-bigMother_iOS-checkManifestLockResult.txt",
			);
			runOnlyForDeploymentPostprocessing = 0;
			shellPath = /bin/sh;
			shellScript = "diff \"${PODS_PODFILE_DIR_PATH}/Podfile.lock\" \"${PODS_ROOT}/Manifest.lock\" > /dev/null\nif [ $? != 0 ] ; then\n    # print error to STDERR\n    echo \"error: The sandbox is not in sync with the Podfile.lock. Run 'pod install' or update your CocoaPods installation.\" >&2\n    exit 1\nfi\n# This output is used by Xcode 'outputs' to avoid re-running this script phase.\necho \"SUCCESS\" > \"${SCRIPT_OUTPUT_FILE_0}\"\n";
			showEnvVarsInLog = 0;
		};
/* End PBXShellScriptBuildPhase section */

/* Begin PBXSourcesBuildPhase section */
		64CE01B123368FEE00988039 /* Sources */ = {
			isa = PBXSourcesBuildPhase;
			buildActionMask = 2147483647;
			files = (
				64F0B1CB233C699A0025FE76 /* SubjectOptionsViewController.swift in Sources */,
				64CE01BF23368FEE00988039 /* SecondViewController.swift in Sources */,
				A40F076F233B365200CEACDF /* SubjectController.swift in Sources */,
				A40F0771233B374600CEACDF /* SubjectDetailsController.swift in Sources */,
				DBA5C7EF233D9E940023F004 /* LoginViewController.swift in Sources */,
				648B2BF9233DAC4D009265B1 /* QRViewController.swift in Sources */,
				64CE01B923368FEE00988039 /* AppDelegate.swift in Sources */,
				64CE01BB23368FEE00988039 /* SceneDelegate.swift in Sources */,
				640CC309233D98690042BE77 /* SettingsTableViewController.swift in Sources */,
				E8CB56C1233DBBB80067D266 /* LastUpdateViewController.swift in Sources */,
			);
			runOnlyForDeploymentPostprocessing = 0;
		};
/* End PBXSourcesBuildPhase section */

/* Begin PBXVariantGroup section */
		64CE01C023368FEE00988039 /* Main.storyboard */ = {
			isa = PBXVariantGroup;
			children = (
				64CE01C123368FEE00988039 /* Base */,
			);
			name = Main.storyboard;
			sourceTree = "<group>";
		};
		64CE01C523368FEF00988039 /* LaunchScreen.storyboard */ = {
			isa = PBXVariantGroup;
			children = (
				64CE01C623368FEF00988039 /* Base */,
			);
			name = LaunchScreen.storyboard;
			sourceTree = "<group>";
		};
/* End PBXVariantGroup section */

/* Begin XCBuildConfiguration section */
		64CE01C923368FEF00988039 /* Debug */ = {
			isa = XCBuildConfiguration;
			buildSettings = {
				ALWAYS_SEARCH_USER_PATHS = NO;
				CLANG_ANALYZER_NONNULL = YES;
				CLANG_ANALYZER_NUMBER_OBJECT_CONVERSION = YES_AGGRESSIVE;
				CLANG_CXX_LANGUAGE_STANDARD = "gnu++14";
				CLANG_CXX_LIBRARY = "libc++";
				CLANG_ENABLE_MODULES = YES;
				CLANG_ENABLE_OBJC_ARC = YES;
				CLANG_ENABLE_OBJC_WEAK = YES;
				CLANG_WARN_BLOCK_CAPTURE_AUTORELEASING = YES;
				CLANG_WARN_BOOL_CONVERSION = YES;
				CLANG_WARN_COMMA = YES;
				CLANG_WARN_CONSTANT_CONVERSION = YES;
				CLANG_WARN_DEPRECATED_OBJC_IMPLEMENTATIONS = YES;
				CLANG_WARN_DIRECT_OBJC_ISA_USAGE = YES_ERROR;
				CLANG_WARN_DOCUMENTATION_COMMENTS = YES;
				CLANG_WARN_EMPTY_BODY = YES;
				CLANG_WARN_ENUM_CONVERSION = YES;
				CLANG_WARN_INFINITE_RECURSION = YES;
				CLANG_WARN_INT_CONVERSION = YES;
				CLANG_WARN_NON_LITERAL_NULL_CONVERSION = YES;
				CLANG_WARN_OBJC_IMPLICIT_RETAIN_SELF = YES;
				CLANG_WARN_OBJC_LITERAL_CONVERSION = YES;
				CLANG_WARN_OBJC_ROOT_CLASS = YES_ERROR;
				CLANG_WARN_RANGE_LOOP_ANALYSIS = YES;
				CLANG_WARN_STRICT_PROTOTYPES = YES;
				CLANG_WARN_SUSPICIOUS_MOVE = YES;
				CLANG_WARN_UNGUARDED_AVAILABILITY = YES_AGGRESSIVE;
				CLANG_WARN_UNREACHABLE_CODE = YES;
				CLANG_WARN__DUPLICATE_METHOD_MATCH = YES;
				COPY_PHASE_STRIP = NO;
				DEBUG_INFORMATION_FORMAT = dwarf;
				ENABLE_STRICT_OBJC_MSGSEND = YES;
				ENABLE_TESTABILITY = YES;
				GCC_C_LANGUAGE_STANDARD = gnu11;
				GCC_DYNAMIC_NO_PIC = NO;
				GCC_NO_COMMON_BLOCKS = YES;
				GCC_OPTIMIZATION_LEVEL = 0;
				GCC_PREPROCESSOR_DEFINITIONS = (
					"DEBUG=1",
					"$(inherited)",
				);
				GCC_WARN_64_TO_32_BIT_CONVERSION = YES;
				GCC_WARN_ABOUT_RETURN_TYPE = YES_ERROR;
				GCC_WARN_UNDECLARED_SELECTOR = YES;
				GCC_WARN_UNINITIALIZED_AUTOS = YES_AGGRESSIVE;
				GCC_WARN_UNUSED_FUNCTION = YES;
				GCC_WARN_UNUSED_VARIABLE = YES;
				IPHONEOS_DEPLOYMENT_TARGET = 13.0;
				MTL_ENABLE_DEBUG_INFO = INCLUDE_SOURCE;
				MTL_FAST_MATH = YES;
				ONLY_ACTIVE_ARCH = YES;
				SDKROOT = iphoneos;
				SWIFT_ACTIVE_COMPILATION_CONDITIONS = DEBUG;
				SWIFT_OPTIMIZATION_LEVEL = "-Onone";
			};
			name = Debug;
		};
		64CE01CA23368FEF00988039 /* Release */ = {
			isa = XCBuildConfiguration;
			buildSettings = {
				ALWAYS_SEARCH_USER_PATHS = NO;
				CLANG_ANALYZER_NONNULL = YES;
				CLANG_ANALYZER_NUMBER_OBJECT_CONVERSION = YES_AGGRESSIVE;
				CLANG_CXX_LANGUAGE_STANDARD = "gnu++14";
				CLANG_CXX_LIBRARY = "libc++";
				CLANG_ENABLE_MODULES = YES;
				CLANG_ENABLE_OBJC_ARC = YES;
				CLANG_ENABLE_OBJC_WEAK = YES;
				CLANG_WARN_BLOCK_CAPTURE_AUTORELEASING = YES;
				CLANG_WARN_BOOL_CONVERSION = YES;
				CLANG_WARN_COMMA = YES;
				CLANG_WARN_CONSTANT_CONVERSION = YES;
				CLANG_WARN_DEPRECATED_OBJC_IMPLEMENTATIONS = YES;
				CLANG_WARN_DIRECT_OBJC_ISA_USAGE = YES_ERROR;
				CLANG_WARN_DOCUMENTATION_COMMENTS = YES;
				CLANG_WARN_EMPTY_BODY = YES;
				CLANG_WARN_ENUM_CONVERSION = YES;
				CLANG_WARN_INFINITE_RECURSION = YES;
				CLANG_WARN_INT_CONVERSION = YES;
				CLANG_WARN_NON_LITERAL_NULL_CONVERSION = YES;
				CLANG_WARN_OBJC_IMPLICIT_RETAIN_SELF = YES;
				CLANG_WARN_OBJC_LITERAL_CONVERSION = YES;
				CLANG_WARN_OBJC_ROOT_CLASS = YES_ERROR;
				CLANG_WARN_RANGE_LOOP_ANALYSIS = YES;
				CLANG_WARN_STRICT_PROTOTYPES = YES;
				CLANG_WARN_SUSPICIOUS_MOVE = YES;
				CLANG_WARN_UNGUARDED_AVAILABILITY = YES_AGGRESSIVE;
				CLANG_WARN_UNREACHABLE_CODE = YES;
				CLANG_WARN__DUPLICATE_METHOD_MATCH = YES;
				COPY_PHASE_STRIP = NO;
				DEBUG_INFORMATION_FORMAT = "dwarf-with-dsym";
				ENABLE_NS_ASSERTIONS = NO;
				ENABLE_STRICT_OBJC_MSGSEND = YES;
				GCC_C_LANGUAGE_STANDARD = gnu11;
				GCC_NO_COMMON_BLOCKS = YES;
				GCC_WARN_64_TO_32_BIT_CONVERSION = YES;
				GCC_WARN_ABOUT_RETURN_TYPE = YES_ERROR;
				GCC_WARN_UNDECLARED_SELECTOR = YES;
				GCC_WARN_UNINITIALIZED_AUTOS = YES_AGGRESSIVE;
				GCC_WARN_UNUSED_FUNCTION = YES;
				GCC_WARN_UNUSED_VARIABLE = YES;
				IPHONEOS_DEPLOYMENT_TARGET = 13.0;
				MTL_ENABLE_DEBUG_INFO = NO;
				MTL_FAST_MATH = YES;
				SDKROOT = iphoneos;
				SWIFT_COMPILATION_MODE = wholemodule;
				SWIFT_OPTIMIZATION_LEVEL = "-O";
				VALIDATE_PRODUCT = YES;
			};
			name = Release;
		};
		64CE01CC23368FEF00988039 /* Debug */ = {
			isa = XCBuildConfiguration;
			baseConfigurationReference = CEFF1F9D29EF64627AFAAEAA /* Pods-bigMother_iOS.debug.xcconfig */;
			buildSettings = {
				ASSETCATALOG_COMPILER_APPICON_NAME = AppIcon;
				CODE_SIGN_ENTITLEMENTS = bigMother_iOS/bigMother.entitlements;
				CODE_SIGN_STYLE = Automatic;
				DEVELOPMENT_TEAM = N6RP3H788Z;
				INFOPLIST_FILE = bigMother_iOS/Info.plist;
				IPHONEOS_DEPLOYMENT_TARGET = 11.2;
				LD_RUNPATH_SEARCH_PATHS = (
					"$(inherited)",
					"@executable_path/Frameworks",
				);
				PRODUCT_BUNDLE_IDENTIFIER = ca.bcit.bigMother;
				PRODUCT_NAME = bigMother;
				SWIFT_VERSION = 5.0;
				TARGETED_DEVICE_FAMILY = "1,2";
			};
			name = Debug;
		};
		64CE01CD23368FEF00988039 /* Release */ = {
			isa = XCBuildConfiguration;
			baseConfigurationReference = B79E8CC804D274819BE04DF4 /* Pods-bigMother_iOS.release.xcconfig */;
			buildSettings = {
				ASSETCATALOG_COMPILER_APPICON_NAME = AppIcon;
				CODE_SIGN_ENTITLEMENTS = bigMother_iOS/bigMother.entitlements;
				CODE_SIGN_STYLE = Automatic;
				DEVELOPMENT_TEAM = N6RP3H788Z;
				INFOPLIST_FILE = bigMother_iOS/Info.plist;
				IPHONEOS_DEPLOYMENT_TARGET = 11.2;
				LD_RUNPATH_SEARCH_PATHS = (
					"$(inherited)",
					"@executable_path/Frameworks",
				);
				PRODUCT_BUNDLE_IDENTIFIER = ca.bcit.bigMother;
				PRODUCT_NAME = bigMother;
				SWIFT_VERSION = 5.0;
				TARGETED_DEVICE_FAMILY = "1,2";
			};
			name = Release;
		};
/* End XCBuildConfiguration section */

/* Begin XCConfigurationList section */
		64CE01B023368FEE00988039 /* Build configuration list for PBXProject "bigMother_iOS" */ = {
			isa = XCConfigurationList;
			buildConfigurations = (
				64CE01C923368FEF00988039 /* Debug */,
				64CE01CA23368FEF00988039 /* Release */,
			);
			defaultConfigurationIsVisible = 0;
			defaultConfigurationName = Release;
		};
		64CE01CB23368FEF00988039 /* Build configuration list for PBXNativeTarget "bigMother_iOS" */ = {
			isa = XCConfigurationList;
			buildConfigurations = (
				64CE01CC23368FEF00988039 /* Debug */,
				64CE01CD23368FEF00988039 /* Release */,
			);
			defaultConfigurationIsVisible = 0;
			defaultConfigurationName = Release;
		};
/* End XCConfigurationList section */
	};
	rootObject = 64CE01AD23368FEE00988039 /* Project object */;
}
